
Microsoft Visual Studio Solution File, Format Version 12.00
# Visual Studio Version 17
VisualStudioVersion = 17.7.34024.191
MinimumVisualStudioVersion = 10.0.40219.1
Project("{8BC9CEB8-8B4A-11D0-8D11-00A0C91BC942}") = "EDF Tools", "EDF_Tools\EDF_Tools.vcxproj", "{C4C1EF46-CD8D-41CF-A2AA-008CA025AC7D}"
EndProject
Project("{8BC9CEB8-8B4A-11D0-8D11-00A0C91BC942}") = "ModelScale", "ModelScale\ModelScale.vcxproj", "{DEA2F8A0-ABD4-4122-9743-D11454D4F48B}"
EndProject
Project("{8BC9CEB8-8B4A-11D0-8D11-00A0C91BC942}") = "Dxbc2Asm", "Dxbc2Asm\Dxbc2Asm.vcxproj", "{59ABF074-C93B-496B-B40E-96CFE0DF4484}"
EndProject
Project("{8BC9CEB8-8B4A-11D0-8D11-00A0C91BC942}") = "6subTo5", "6subTo5\6subTo5.vcxproj", "{B94722EB-4100-4675-B8B4-0E5D721D33D4}"
EndProject
Project("{8BC9CEB8-8B4A-11D0-8D11-00A0C91BC942}") = "RemapBones", "RemapBones\RemapBones.vcxproj", "{F1B16970-FB8F-4669-8D64-52F5F439207C}"
EndProject
Project("{FAE04EC0-301F-11D3-BF4B-00C04F79EFBC}") = "GuiTools", "GuiTools\GuiTools.csproj", "{8186F55D-E31F-441B-802A-34E968D3E5B3}"
	ProjectSection(ProjectDependencies) = postProject
		{A6C98B4C-EEC4-40C0-BF75-330C7CEB1FEC} = {A6C98B4C-EEC4-40C0-BF75-330C7CEB1FEC}
	EndProjectSection
EndProject
Project("{8BC9CEB8-8B4A-11D0-8D11-00A0C91BC942}") = "GuiCore", "GuiCore\GuiCore.vcxproj", "{A6C98B4C-EEC4-40C0-BF75-330C7CEB1FEC}"
EndProject
Global
	GlobalSection(SolutionConfigurationPlatforms) = preSolution
		Debug|Any CPU = Debug|Any CPU
		Debug|Win32 = Debug|Win32
		Debug|x64 = Debug|x64
		Release|Any CPU = Release|Any CPU
		Release|Win32 = Release|Win32
		Release|x64 = Release|x64
	EndGlobalSection
	GlobalSection(ProjectConfigurationPlatforms) = postSolution
		{C4C1EF46-CD8D-41CF-A2AA-008CA025AC7D}.Debug|Any CPU.ActiveCfg = Debug|x64
		{C4C1EF46-CD8D-41CF-A2AA-008CA025AC7D}.Debug|Any CPU.Build.0 = Debug|x64
		{C4C1EF46-CD8D-41CF-A2AA-008CA025AC7D}.Debug|Win32.ActiveCfg = Debug|Win32
		{C4C1EF46-CD8D-41CF-A2AA-008CA025AC7D}.Debug|Win32.Build.0 = Debug|Win32
		{C4C1EF46-CD8D-41CF-A2AA-008CA025AC7D}.Debug|x64.ActiveCfg = Debug|x64
		{C4C1EF46-CD8D-41CF-A2AA-008CA025AC7D}.Debug|x64.Build.0 = Debug|x64
		{C4C1EF46-CD8D-41CF-A2AA-008CA025AC7D}.Release|Any CPU.ActiveCfg = Release|x64
		{C4C1EF46-CD8D-41CF-A2AA-008CA025AC7D}.Release|Any CPU.Build.0 = Release|x64
		{C4C1EF46-CD8D-41CF-A2AA-008CA025AC7D}.Release|Win32.ActiveCfg = Release|Win32
		{C4C1EF46-CD8D-41CF-A2AA-008CA025AC7D}.Release|Win32.Build.0 = Release|Win32
		{C4C1EF46-CD8D-41CF-A2AA-008CA025AC7D}.Release|x64.ActiveCfg = Release|x64
		{C4C1EF46-CD8D-41CF-A2AA-008CA025AC7D}.Release|x64.Build.0 = Release|x64
		{DEA2F8A0-ABD4-4122-9743-D11454D4F48B}.Debug|Any CPU.ActiveCfg = Debug|x64
		{DEA2F8A0-ABD4-4122-9743-D11454D4F48B}.Debug|Any CPU.Build.0 = Debug|x64
		{DEA2F8A0-ABD4-4122-9743-D11454D4F48B}.Debug|Win32.ActiveCfg = Debug|Win32
		{DEA2F8A0-ABD4-4122-9743-D11454D4F48B}.Debug|Win32.Build.0 = Debug|Win32
		{DEA2F8A0-ABD4-4122-9743-D11454D4F48B}.Debug|x64.ActiveCfg = Debug|x64
		{DEA2F8A0-ABD4-4122-9743-D11454D4F48B}.Debug|x64.Build.0 = Debug|x64
		{DEA2F8A0-ABD4-4122-9743-D11454D4F48B}.Release|Any CPU.ActiveCfg = Release|x64
		{DEA2F8A0-ABD4-4122-9743-D11454D4F48B}.Release|Any CPU.Build.0 = Release|x64
		{DEA2F8A0-ABD4-4122-9743-D11454D4F48B}.Release|Win32.ActiveCfg = Release|Win32
		{DEA2F8A0-ABD4-4122-9743-D11454D4F48B}.Release|Win32.Build.0 = Release|Win32
		{DEA2F8A0-ABD4-4122-9743-D11454D4F48B}.Release|x64.ActiveCfg = Release|x64
		{DEA2F8A0-ABD4-4122-9743-D11454D4F48B}.Release|x64.Build.0 = Release|x64
		{59ABF074-C93B-496B-B40E-96CFE0DF4484}.Debug|Any CPU.ActiveCfg = Debug|x64
		{59ABF074-C93B-496B-B40E-96CFE0DF4484}.Debug|Any CPU.Build.0 = Debug|x64
		{59ABF074-C93B-496B-B40E-96CFE0DF4484}.Debug|Win32.ActiveCfg = Debug|Win32
		{59ABF074-C93B-496B-B40E-96CFE0DF4484}.Debug|Win32.Build.0 = Debug|Win32
		{59ABF074-C93B-496B-B40E-96CFE0DF4484}.Debug|x64.ActiveCfg = Debug|x64
		{59ABF074-C93B-496B-B40E-96CFE0DF4484}.Debug|x64.Build.0 = Debug|x64
		{59ABF074-C93B-496B-B40E-96CFE0DF4484}.Release|Any CPU.ActiveCfg = Release|x64
		{59ABF074-C93B-496B-B40E-96CFE0DF4484}.Release|Any CPU.Build.0 = Release|x64
		{59ABF074-C93B-496B-B40E-96CFE0DF4484}.Release|Win32.ActiveCfg = Release|Win32
		{59ABF074-C93B-496B-B40E-96CFE0DF4484}.Release|Win32.Build.0 = Release|Win32
		{59ABF074-C93B-496B-B40E-96CFE0DF4484}.Release|x64.ActiveCfg = Release|x64
		{59ABF074-C93B-496B-B40E-96CFE0DF4484}.Release|x64.Build.0 = Release|x64
		{B94722EB-4100-4675-B8B4-0E5D721D33D4}.Debug|Any CPU.ActiveCfg = Debug|x64
		{B94722EB-4100-4675-B8B4-0E5D721D33D4}.Debug|Any CPU.Build.0 = Debug|x64
		{B94722EB-4100-4675-B8B4-0E5D721D33D4}.Debug|Win32.ActiveCfg = Debug|Win32
		{B94722EB-4100-4675-B8B4-0E5D721D33D4}.Debug|Win32.Build.0 = Debug|Win32
		{B94722EB-4100-4675-B8B4-0E5D721D33D4}.Debug|x64.ActiveCfg = Debug|x64
		{B94722EB-4100-4675-B8B4-0E5D721D33D4}.Debug|x64.Build.0 = Debug|x64
		{B94722EB-4100-4675-B8B4-0E5D721D33D4}.Release|Any CPU.ActiveCfg = Release|x64
		{B94722EB-4100-4675-B8B4-0E5D721D33D4}.Release|Any CPU.Build.0 = Release|x64
		{B94722EB-4100-4675-B8B4-0E5D721D33D4}.Release|Win32.ActiveCfg = Release|Win32
		{B94722EB-4100-4675-B8B4-0E5D721D33D4}.Release|Win32.Build.0 = Release|Win32
		{B94722EB-4100-4675-B8B4-0E5D721D33D4}.Release|x64.ActiveCfg = Release|x64
		{B94722EB-4100-4675-B8B4-0E5D721D33D4}.Release|x64.Build.0 = Release|x64
		{F1B16970-FB8F-4669-8D64-52F5F439207C}.Debug|Any CPU.ActiveCfg = Debug|x64
		{F1B16970-FB8F-4669-8D64-52F5F439207C}.Debug|Any CPU.Build.0 = Debug|x64
		{F1B16970-FB8F-4669-8D64-52F5F439207C}.Debug|Win32.ActiveCfg = Debug|Win32
		{F1B16970-FB8F-4669-8D64-52F5F439207C}.Debug|Win32.Build.0 = Debug|Win32
		{F1B16970-FB8F-4669-8D64-52F5F439207C}.Debug|x64.ActiveCfg = Debug|x64
		{F1B16970-FB8F-4669-8D64-52F5F439207C}.Debug|x64.Build.0 = Debug|x64
		{F1B16970-FB8F-4669-8D64-52F5F439207C}.Release|Any CPU.ActiveCfg = Release|x64
		{F1B16970-FB8F-4669-8D64-52F5F439207C}.Release|Any CPU.Build.0 = Release|x64
		{F1B16970-FB8F-4669-8D64-52F5F439207C}.Release|Win32.ActiveCfg = Release|Win32
		{F1B16970-FB8F-4669-8D64-52F5F439207C}.Release|Win32.Build.0 = Release|Win32
		{F1B16970-FB8F-4669-8D64-52F5F439207C}.Release|x64.ActiveCfg = Release|x64
		{F1B16970-FB8F-4669-8D64-52F5F439207C}.Release|x64.Build.0 = Release|x64
		{8186F55D-E31F-441B-802A-34E968D3E5B3}.Debug|Any CPU.ActiveCfg = Debug|Any CPU
		{8186F55D-E31F-441B-802A-34E968D3E5B3}.Debug|Any CPU.Build.0 = Debug|Any CPU
		{8186F55D-E31F-441B-802A-34E968D3E5B3}.Debug|Win32.ActiveCfg = Debug|Any CPU
		{8186F55D-E31F-441B-802A-34E968D3E5B3}.Debug|Win32.Build.0 = Debug|Any CPU
		{8186F55D-E31F-441B-802A-34E968D3E5B3}.Debug|x64.ActiveCfg = Debug|Any CPU
		{8186F55D-E31F-441B-802A-34E968D3E5B3}.Debug|x64.Build.0 = Debug|Any CPU
		{8186F55D-E31F-441B-802A-34E968D3E5B3}.Release|Any CPU.ActiveCfg = Release|Any CPU
		{8186F55D-E31F-441B-802A-34E968D3E5B3}.Release|Any CPU.Build.0 = Release|Any CPU
		{8186F55D-E31F-441B-802A-34E968D3E5B3}.Release|Win32.ActiveCfg = Release|Any CPU
		{8186F55D-E31F-441B-802A-34E968D3E5B3}.Release|Win32.Build.0 = Release|Any CPU
		{8186F55D-E31F-441B-802A-34E968D3E5B3}.Release|x64.ActiveCfg = Release|Any CPU
		{8186F55D-E31F-441B-802A-34E968D3E5B3}.Release|x64.Build.0 = Release|Any CPU
		{A6C98B4C-EEC4-40C0-BF75-330C7CEB1FEC}.Debug|Any CPU.ActiveCfg = Debug|x64
		{A6C98B4C-EEC4-40C0-BF75-330C7CEB1FEC}.Debug|Any CPU.Build.0 = Debug|x64
		{A6C98B4C-EEC4-40C0-BF75-330C7CEB1FEC}.Debug|Win32.ActiveCfg = Debug|Win32
		{A6C98B4C-EEC4-40C0-BF75-330C7CEB1FEC}.Debug|Win32.Build.0 = Debug|Win32
		{A6C98B4C-EEC4-40C0-BF75-330C7CEB1FEC}.Debug|x64.ActiveCfg = Debug|x64
		{A6C98B4C-EEC4-40C0-BF75-330C7CEB1FEC}.Debug|x64.Build.0 = Debug|x64
		{A6C98B4C-EEC4-40C0-BF75-330C7CEB1FEC}.Release|Any CPU.ActiveCfg = Release|x64
		{A6C98B4C-EEC4-40C0-BF75-330C7CEB1FEC}.Release|Any CPU.Build.0 = Release|x64
		{A6C98B4C-EEC4-40C0-BF75-330C7CEB1FEC}.Release|Win32.ActiveCfg = Release|Win32
		{A6C98B4C-EEC4-40C0-BF75-330C7CEB1FEC}.Release|Win32.Build.0 = Release|Win32
		{A6C98B4C-EEC4-40C0-BF75-330C7CEB1FEC}.Release|x64.ActiveCfg = Release|x64
		{A6C98B4C-EEC4-40C0-BF75-330C7CEB1FEC}.Release|x64.Build.0 = Release|x64
	EndGlobalSection
	GlobalSection(SolutionProperties) = preSolution
		HideSolutionNode = FALSE
	EndGlobalSection
	GlobalSection(ExtensibilityGlobals) = postSolution
		SolutionGuid = {D8A38C7C-2482-4F33-8FCA-8873788606E1}
	EndGlobalSection
EndGlobal
